
Microsoft Visual Studio Solution File, Format Version 12.00
# Visual Studio Version 17
VisualStudioVersion = 17.0.31903.59
MinimumVisualStudioVersion = 10.0.40219.1
Project("{2150E333-8FDC-42A3-9474-1A3956D46DE8}") = "src", "src", "{13FA098A-A4C2-45ED-8C91-79A9F7E9978E}"
EndProject
Project("{FAE04EC0-301F-11D3-BF4B-00C04F79EFBC}") = "Restaurants.Domain", "src\Restaurants.Domain\Restaurants.Domain.csproj", "{92C70826-56D9-435B-874E-06E7721F49FC}"
EndProject
Project("{FAE04EC0-301F-11D3-BF4B-00C04F79EFBC}") = "Restaurants.Application", "src\Restaurants.Application\Restaurants.Application.csproj", "{97921BDB-F9BA-4798-ABD0-3B9991AAA7B9}"
EndProject
Project("{FAE04EC0-301F-11D3-BF4B-00C04F79EFBC}") = "Restaurants.Infrastructure", "src\Restaurants.Infrastructure\Restaurants.Infrastructure.csproj", "{B512A526-4BF2-4EF4-A894-1A4AE65DCD5E}"
EndProject
Project("{FAE04EC0-301F-11D3-BF4B-00C04F79EFBC}") = "Restaurants.APIs", "src\Restaurants.APIs\Restaurants.APIs.csproj", "{8A2BA2F8-B205-4B4B-A565-EC7E235F25ED}"
EndProject
Project("{2150E333-8FDC-42A3-9474-1A3956D46DE8}") = "tests", "tests", "{782D3748-ADCD-436C-AED3-930B1EED4BF9}"
EndProject
Project("{FAE04EC0-301F-11D3-BF4B-00C04F79EFBC}") = "Restaurants.Tests", "tests\Restaurants.Tests\Restaurants.Tests.csproj", "{0B4CB050-5039-4B18-B09C-E8C4ACBE26A1}"
EndProject
Global
	GlobalSection(SolutionProperties) = preSolution
		HideSolutionNode = FALSE
	EndGlobalSection
	GlobalSection(SolutionConfigurationPlatforms) = preSolution
		Debug|Any CPU = Debug|Any CPU
		Debug|x64 = Debug|x64
		Debug|x86 = Debug|x86
		Release|Any CPU = Release|Any CPU
		Release|x64 = Release|x64
		Release|x86 = Release|x86
	EndGlobalSection
	GlobalSection(ProjectConfigurationPlatforms) = postSolution
		{92C70826-56D9-435B-874E-06E7721F49FC}.Debug|Any CPU.ActiveCfg = Debug|Any CPU
		{92C70826-56D9-435B-874E-06E7721F49FC}.Debug|Any CPU.Build.0 = Debug|Any CPU
		{92C70826-56D9-435B-874E-06E7721F49FC}.Debug|x64.ActiveCfg = Debug|Any CPU
		{92C70826-56D9-435B-874E-06E7721F49FC}.Debug|x64.Build.0 = Debug|Any CPU
		{92C70826-56D9-435B-874E-06E7721F49FC}.Debug|x86.ActiveCfg = Debug|Any CPU
		{92C70826-56D9-435B-874E-06E7721F49FC}.Debug|x86.Build.0 = Debug|Any CPU
		{92C70826-56D9-435B-874E-06E7721F49FC}.Release|Any CPU.ActiveCfg = Release|Any CPU
		{92C70826-56D9-435B-874E-06E7721F49FC}.Release|Any CPU.Build.0 = Release|Any CPU
		{92C70826-56D9-435B-874E-06E7721F49FC}.Release|x64.ActiveCfg = Release|Any CPU
		{92C70826-56D9-435B-874E-06E7721F49FC}.Release|x64.Build.0 = Release|Any CPU
		{92C70826-56D9-435B-874E-06E7721F49FC}.Release|x86.ActiveCfg = Release|Any CPU
		{92C70826-56D9-435B-874E-06E7721F49FC}.Release|x86.Build.0 = Release|Any CPU
		{97921BDB-F9BA-4798-ABD0-3B9991AAA7B9}.Debug|Any CPU.ActiveCfg = Debug|Any CPU
		{97921BDB-F9BA-4798-ABD0-3B9991AAA7B9}.Debug|Any CPU.Build.0 = Debug|Any CPU
		{97921BDB-F9BA-4798-ABD0-3B9991AAA7B9}.Debug|x64.ActiveCfg = Debug|Any CPU
		{97921BDB-F9BA-4798-ABD0-3B9991AAA7B9}.Debug|x64.Build.0 = Debug|Any CPU
		{97921BDB-F9BA-4798-ABD0-3B9991AAA7B9}.Debug|x86.ActiveCfg = Debug|Any CPU
		{97921BDB-F9BA-4798-ABD0-3B9991AAA7B9}.Debug|x86.Build.0 = Debug|Any CPU
		{97921BDB-F9BA-4798-ABD0-3B9991AAA7B9}.Release|Any CPU.ActiveCfg = Release|Any CPU
		{97921BDB-F9BA-4798-ABD0-3B9991AAA7B9}.Release|Any CPU.Build.0 = Release|Any CPU
		{97921BDB-F9BA-4798-ABD0-3B9991AAA7B9}.Release|x64.ActiveCfg = Release|Any CPU
		{97921BDB-F9BA-4798-ABD0-3B9991AAA7B9}.Release|x64.Build.0 = Release|Any CPU
		{97921BDB-F9BA-4798-ABD0-3B9991AAA7B9}.Release|x86.ActiveCfg = Release|Any CPU
		{97921BDB-F9BA-4798-ABD0-3B9991AAA7B9}.Release|x86.Build.0 = Release|Any CPU
		{B512A526-4BF2-4EF4-A894-1A4AE65DCD5E}.Debug|Any CPU.ActiveCfg = Debug|Any CPU
		{B512A526-4BF2-4EF4-A894-1A4AE65DCD5E}.Debug|Any CPU.Build.0 = Debug|Any CPU
		{B512A526-4BF2-4EF4-A894-1A4AE65DCD5E}.Debug|x64.ActiveCfg = Debug|Any CPU
		{B512A526-4BF2-4EF4-A894-1A4AE65DCD5E}.Debug|x64.Build.0 = Debug|Any CPU
		{B512A526-4BF2-4EF4-A894-1A4AE65DCD5E}.Debug|x86.ActiveCfg = Debug|Any CPU
		{B512A526-4BF2-4EF4-A894-1A4AE65DCD5E}.Debug|x86.Build.0 = Debug|Any CPU
		{B512A526-4BF2-4EF4-A894-1A4AE65DCD5E}.Release|Any CPU.ActiveCfg = Release|Any CPU
		{B512A526-4BF2-4EF4-A894-1A4AE65DCD5E}.Release|Any CPU.Build.0 = Release|Any CPU
		{B512A526-4BF2-4EF4-A894-1A4AE65DCD5E}.Release|x64.ActiveCfg = Release|Any CPU
		{B512A526-4BF2-4EF4-A894-1A4AE65DCD5E}.Release|x64.Build.0 = Release|Any CPU
		{B512A526-4BF2-4EF4-A894-1A4AE65DCD5E}.Release|x86.ActiveCfg = Release|Any CPU
		{B512A526-4BF2-4EF4-A894-1A4AE65DCD5E}.Release|x86.Build.0 = Release|Any CPU
		{8A2BA2F8-B205-4B4B-A565-EC7E235F25ED}.Debug|Any CPU.ActiveCfg = Debug|Any CPU
		{8A2BA2F8-B205-4B4B-A565-EC7E235F25ED}.Debug|Any CPU.Build.0 = Debug|Any CPU
		{8A2BA2F8-B205-4B4B-A565-EC7E235F25ED}.Debug|x64.ActiveCfg = Debug|Any CPU
		{8A2BA2F8-B205-4B4B-A565-EC7E235F25ED}.Debug|x64.Build.0 = Debug|Any CPU
		{8A2BA2F8-B205-4B4B-A565-EC7E235F25ED}.Debug|x86.ActiveCfg = Debug|Any CPU
		{8A2BA2F8-B205-4B4B-A565-EC7E235F25ED}.Debug|x86.Build.0 = Debug|Any CPU
		{8A2BA2F8-B205-4B4B-A565-EC7E235F25ED}.Release|Any CPU.ActiveCfg = Release|Any CPU
		{8A2BA2F8-B205-4B4B-A565-EC7E235F25ED}.Release|Any CPU.Build.0 = Release|Any CPU
		{8A2BA2F8-B205-4B4B-A565-EC7E235F25ED}.Release|x64.ActiveCfg = Release|Any CPU
		{8A2BA2F8-B205-4B4B-A565-EC7E235F25ED}.Release|x64.Build.0 = Release|Any CPU
		{8A2BA2F8-B205-4B4B-A565-EC7E235F25ED}.Release|x86.ActiveCfg = Release|Any CPU
		{8A2BA2F8-B205-4B4B-A565-EC7E235F25ED}.Release|x86.Build.0 = Release|Any CPU
		{0B4CB050-5039-4B18-B09C-E8C4ACBE26A1}.Debug|Any CPU.ActiveCfg = Debug|Any CPU
		{0B4CB050-5039-4B18-B09C-E8C4ACBE26A1}.Debug|Any CPU.Build.0 = Debug|Any CPU
		{0B4CB050-5039-4B18-B09C-E8C4ACBE26A1}.Debug|x64.ActiveCfg = Debug|Any CPU
		{0B4CB050-5039-4B18-B09C-E8C4ACBE26A1}.Debug|x64.Build.0 = Debug|Any CPU
		{0B4CB050-5039-4B18-B09C-E8C4ACBE26A1}.Debug|x86.ActiveCfg = Debug|Any CPU
		{0B4CB050-5039-4B18-B09C-E8C4ACBE26A1}.Debug|x86.Build.0 = Debug|Any CPU
		{0B4CB050-5039-4B18-B09C-E8C4ACBE26A1}.Release|Any CPU.ActiveCfg = Release|Any CPU
		{0B4CB050-5039-4B18-B09C-E8C4ACBE26A1}.Release|Any CPU.Build.0 = Release|Any CPU
		{0B4CB050-5039-4B18-B09C-E8C4ACBE26A1}.Release|x64.ActiveCfg = Release|Any CPU
		{0B4CB050-5039-4B18-B09C-E8C4ACBE26A1}.Release|x64.Build.0 = Release|Any CPU
		{0B4CB050-5039-4B18-B09C-E8C4ACBE26A1}.Release|x86.ActiveCfg = Release|Any CPU
		{0B4CB050-5039-4B18-B09C-E8C4ACBE26A1}.Release|x86.Build.0 = Release|Any CPU
	EndGlobalSection
	GlobalSection(NestedProjects) = preSolution
		{92C70826-56D9-435B-874E-06E7721F49FC} = {13FA098A-A4C2-45ED-8C91-79A9F7E9978E}
		{97921BDB-F9BA-4798-ABD0-3B9991AAA7B9} = {13FA098A-A4C2-45ED-8C91-79A9F7E9978E}
		{B512A526-4BF2-4EF4-A894-1A4AE65DCD5E} = {13FA098A-A4C2-45ED-8C91-79A9F7E9978E}
		{8A2BA2F8-B205-4B4B-A565-EC7E235F25ED} = {13FA098A-A4C2-45ED-8C91-79A9F7E9978E}
		{0B4CB050-5039-4B18-B09C-E8C4ACBE26A1} = {782D3748-ADCD-436C-AED3-930B1EED4BF9}
	EndGlobalSection
EndGlobal
