
Microsoft Visual Studio Solution File, Format Version 12.00
# Visual Studio Version 17
VisualStudioVersion = 17.0.31903.59
MinimumVisualStudioVersion = 10.0.40219.1
Project("{FAE04EC0-301F-11D3-BF4B-00C04F79EFBC}") = "Restaurants.APIs", "Restaurants.APIs\Restaurants.APIs.csproj", "{42477D6F-4283-40AF-838F-7292B6B2D25C}"
EndProject
Project("{FAE04EC0-301F-11D3-BF4B-00C04F79EFBC}") = "Restaurants.Domain", "Restaurants.Domain\Restaurants.Domain.csproj", "{20762D4A-0AB5-4929-807D-D7EA8E0BF21D}"
EndProject
Project("{FAE04EC0-301F-11D3-BF4B-00C04F79EFBC}") = "Restaurants.Application", "Restaurants.Application\Restaurants.Application.csproj", "{6A76BF16-5425-4522-8ABC-84569F979FC9}"
EndProject
Project("{FAE04EC0-301F-11D3-BF4B-00C04F79EFBC}") = "Restaurants.Infrastructure", "Restaurants.Infrastructure\Restaurants.Infrastructure.csproj", "{BB37F1A3-8FCA-4AC1-9406-0D305E83AE86}"
EndProject
Global
	GlobalSection(SolutionProperties) = preSolution
		HideSolutionNode = FALSE
	EndGlobalSection
	GlobalSection(SolutionConfigurationPlatforms) = preSolution
		Debug|Any CPU = Debug|Any CPU
		Debug|x64 = Debug|x64
		Debug|x86 = Debug|x86
		Release|Any CPU = Release|Any CPU
		Release|x64 = Release|x64
		Release|x86 = Release|x86
	EndGlobalSection
	GlobalSection(ProjectConfigurationPlatforms) = postSolution
		{42477D6F-4283-40AF-838F-7292B6B2D25C}.Debug|Any CPU.ActiveCfg = Debug|Any CPU
		{42477D6F-4283-40AF-838F-7292B6B2D25C}.Debug|Any CPU.Build.0 = Debug|Any CPU
		{42477D6F-4283-40AF-838F-7292B6B2D25C}.Debug|x64.ActiveCfg = Debug|Any CPU
		{42477D6F-4283-40AF-838F-7292B6B2D25C}.Debug|x64.Build.0 = Debug|Any CPU
		{42477D6F-4283-40AF-838F-7292B6B2D25C}.Debug|x86.ActiveCfg = Debug|Any CPU
		{42477D6F-4283-40AF-838F-7292B6B2D25C}.Debug|x86.Build.0 = Debug|Any CPU
		{42477D6F-4283-40AF-838F-7292B6B2D25C}.Release|Any CPU.ActiveCfg = Release|Any CPU
		{42477D6F-4283-40AF-838F-7292B6B2D25C}.Release|Any CPU.Build.0 = Release|Any CPU
		{42477D6F-4283-40AF-838F-7292B6B2D25C}.Release|x64.ActiveCfg = Release|Any CPU
		{42477D6F-4283-40AF-838F-7292B6B2D25C}.Release|x64.Build.0 = Release|Any CPU
		{42477D6F-4283-40AF-838F-7292B6B2D25C}.Release|x86.ActiveCfg = Release|Any CPU
		{42477D6F-4283-40AF-838F-7292B6B2D25C}.Release|x86.Build.0 = Release|Any CPU
		{20762D4A-0AB5-4929-807D-D7EA8E0BF21D}.Debug|Any CPU.ActiveCfg = Debug|Any CPU
		{20762D4A-0AB5-4929-807D-D7EA8E0BF21D}.Debug|Any CPU.Build.0 = Debug|Any CPU
		{20762D4A-0AB5-4929-807D-D7EA8E0BF21D}.Debug|x64.ActiveCfg = Debug|Any CPU
		{20762D4A-0AB5-4929-807D-D7EA8E0BF21D}.Debug|x64.Build.0 = Debug|Any CPU
		{20762D4A-0AB5-4929-807D-D7EA8E0BF21D}.Debug|x86.ActiveCfg = Debug|Any CPU
		{20762D4A-0AB5-4929-807D-D7EA8E0BF21D}.Debug|x86.Build.0 = Debug|Any CPU
		{20762D4A-0AB5-4929-807D-D7EA8E0BF21D}.Release|Any CPU.ActiveCfg = Release|Any CPU
		{20762D4A-0AB5-4929-807D-D7EA8E0BF21D}.Release|Any CPU.Build.0 = Release|Any CPU
		{20762D4A-0AB5-4929-807D-D7EA8E0BF21D}.Release|x64.ActiveCfg = Release|Any CPU
		{20762D4A-0AB5-4929-807D-D7EA8E0BF21D}.Release|x64.Build.0 = Release|Any CPU
		{20762D4A-0AB5-4929-807D-D7EA8E0BF21D}.Release|x86.ActiveCfg = Release|Any CPU
		{20762D4A-0AB5-4929-807D-D7EA8E0BF21D}.Release|x86.Build.0 = Release|Any CPU
		{6A76BF16-5425-4522-8ABC-84569F979FC9}.Debug|Any CPU.ActiveCfg = Debug|Any CPU
		{6A76BF16-5425-4522-8ABC-84569F979FC9}.Debug|Any CPU.Build.0 = Debug|Any CPU
		{6A76BF16-5425-4522-8ABC-84569F979FC9}.Debug|x64.ActiveCfg = Debug|Any CPU
		{6A76BF16-5425-4522-8ABC-84569F979FC9}.Debug|x64.Build.0 = Debug|Any CPU
		{6A76BF16-5425-4522-8ABC-84569F979FC9}.Debug|x86.ActiveCfg = Debug|Any CPU
		{6A76BF16-5425-4522-8ABC-84569F979FC9}.Debug|x86.Build.0 = Debug|Any CPU
		{6A76BF16-5425-4522-8ABC-84569F979FC9}.Release|Any CPU.ActiveCfg = Release|Any CPU
		{6A76BF16-5425-4522-8ABC-84569F979FC9}.Release|Any CPU.Build.0 = Release|Any CPU
		{6A76BF16-5425-4522-8ABC-84569F979FC9}.Release|x64.ActiveCfg = Release|Any CPU
		{6A76BF16-5425-4522-8ABC-84569F979FC9}.Release|x64.Build.0 = Release|Any CPU
		{6A76BF16-5425-4522-8ABC-84569F979FC9}.Release|x86.ActiveCfg = Release|Any CPU
		{6A76BF16-5425-4522-8ABC-84569F979FC9}.Release|x86.Build.0 = Release|Any CPU
		{BB37F1A3-8FCA-4AC1-9406-0D305E83AE86}.Debug|Any CPU.ActiveCfg = Debug|Any CPU
		{BB37F1A3-8FCA-4AC1-9406-0D305E83AE86}.Debug|Any CPU.Build.0 = Debug|Any CPU
		{BB37F1A3-8FCA-4AC1-9406-0D305E83AE86}.Debug|x64.ActiveCfg = Debug|Any CPU
		{BB37F1A3-8FCA-4AC1-9406-0D305E83AE86}.Debug|x64.Build.0 = Debug|Any CPU
		{BB37F1A3-8FCA-4AC1-9406-0D305E83AE86}.Debug|x86.ActiveCfg = Debug|Any CPU
		{BB37F1A3-8FCA-4AC1-9406-0D305E83AE86}.Debug|x86.Build.0 = Debug|Any CPU
		{BB37F1A3-8FCA-4AC1-9406-0D305E83AE86}.Release|Any CPU.ActiveCfg = Release|Any CPU
		{BB37F1A3-8FCA-4AC1-9406-0D305E83AE86}.Release|Any CPU.Build.0 = Release|Any CPU
		{BB37F1A3-8FCA-4AC1-9406-0D305E83AE86}.Release|x64.ActiveCfg = Release|Any CPU
		{BB37F1A3-8FCA-4AC1-9406-0D305E83AE86}.Release|x64.Build.0 = Release|Any CPU
		{BB37F1A3-8FCA-4AC1-9406-0D305E83AE86}.Release|x86.ActiveCfg = Release|Any CPU
		{BB37F1A3-8FCA-4AC1-9406-0D305E83AE86}.Release|x86.Build.0 = Release|Any CPU
	EndGlobalSection
EndGlobal
